# This file is automatically @generated by Wally.
# It is not intended for manual editing.
registry = "test"

[[package]]
name = "danieluntask/network"
version = "0.0.5"
dependencies = [["Signal", "danieluntask/signal@0.1.8"], ["Task", "danieluntask/task@0.1.1"], ["Trove", "sleitnick/trove@1.8.0"]]

[[package]]
name = "danieluntask/signal"
version = "0.1.8"
dependencies = [["Task", "danieluntask/task@0.1.1"]]

[[package]]
name = "danieluntask/task"
version = "0.1.1"
dependencies = []

[[package]]
name = "sleitnick/trove"
version = "1.8.0"
dependencies = []
